
Microsoft Visual Studio Solution File, Format Version 12.00
# Visual Studio 2012
Project("{2150E333-8FDC-42A3-9474-1A3956D46DE8}") = "Solution Items", "Solution Items", "{D90DC6AD-A13C-4D53-B9C4-1CE779ADECA9}"
	ProjectSection(SolutionItems) = preProject
		README = README
	EndProjectSection
EndProject
Project("{2150E333-8FDC-42A3-9474-1A3956D46DE8}") = "Testing", "Testing", "{6BCF73FD-3087-4B9F-950E-A9DA3B264A83}"
EndProject
Project("{FAE04EC0-301F-11D3-BF4B-00C04F79EFBC}") = "Eldensions.Tests", "Testing\Eldensions.Tests\Eldensions.Tests.csproj", "{B87639C4-1916-44D4-9F9A-FF0AD1FA075A}"
EndProject
Project("{FAE04EC0-301F-11D3-BF4B-00C04F79EFBC}") = "Eldensions", "Eldensions\Eldensions.csproj", "{CC9AD07D-6030-4728-A71D-BA1DB44374EE}"
EndProject
Global
	GlobalSection(SolutionConfigurationPlatforms) = preSolution
		Debug|Any CPU = Debug|Any CPU
		Release|Any CPU = Release|Any CPU
	EndGlobalSection
	GlobalSection(ProjectConfigurationPlatforms) = postSolution
		{B87639C4-1916-44D4-9F9A-FF0AD1FA075A}.Debug|Any CPU.ActiveCfg = Debug|Any CPU
		{B87639C4-1916-44D4-9F9A-FF0AD1FA075A}.Debug|Any CPU.Build.0 = Debug|Any CPU
		{B87639C4-1916-44D4-9F9A-FF0AD1FA075A}.Release|Any CPU.ActiveCfg = Release|Any CPU
		{B87639C4-1916-44D4-9F9A-FF0AD1FA075A}.Release|Any CPU.Build.0 = Release|Any CPU
		{CC9AD07D-6030-4728-A71D-BA1DB44374EE}.Debug|Any CPU.ActiveCfg = Debug|Any CPU
		{CC9AD07D-6030-4728-A71D-BA1DB44374EE}.Debug|Any CPU.Build.0 = Debug|Any CPU
		{CC9AD07D-6030-4728-A71D-BA1DB44374EE}.Release|Any CPU.ActiveCfg = Release|Any CPU
		{CC9AD07D-6030-4728-A71D-BA1DB44374EE}.Release|Any CPU.Build.0 = Release|Any CPU
	EndGlobalSection
	GlobalSection(SolutionProperties) = preSolution
		HideSolutionNode = FALSE
	EndGlobalSection
	GlobalSection(NestedProjects) = preSolution
		{B87639C4-1916-44D4-9F9A-FF0AD1FA075A} = {6BCF73FD-3087-4B9F-950E-A9DA3B264A83}
	EndGlobalSection
EndGlobal
